
Microsoft Visual Studio Solution File, Format Version 12.00
# Visual Studio 15
VisualStudioVersion = 15.0.27428.2037
MinimumVisualStudioVersion = 10.0.40219.1
Project("{FAE04EC0-301F-11D3-BF4B-00C04F79EFBC}") = "ERV", "ERV\ERV.csproj", "{58179008-973A-45D6-A415-03C0A2513034}"
EndProject
Global
	GlobalSection(SolutionConfigurationPlatforms) = preSolution
		Debug|Any CPU = Debug|Any CPU
		Release|Any CPU = Release|Any CPU
	EndGlobalSection
	GlobalSection(ProjectConfigurationPlatforms) = postSolution
		{58179008-973A-45D6-A415-03C0A2513034}.Debug|Any CPU.ActiveCfg = Debug|Any CPU
		{58179008-973A-45D6-A415-03C0A2513034}.Debug|Any CPU.Build.0 = Debug|Any CPU
		{58179008-973A-45D6-A415-03C0A2513034}.Release|Any CPU.ActiveCfg = Release|Any CPU
		{58179008-973A-45D6-A415-03C0A2513034}.Release|Any CPU.Build.0 = Release|Any CPU
	EndGlobalSection
	GlobalSection(SolutionProperties) = preSolution
		HideSolutionNode = FALSE
	EndGlobalSection
	GlobalSection(ExtensibilityGlobals) = postSolution
		SolutionGuid = {19B4101E-8399-4E3F-B03A-435372F4D5FD}
	EndGlobalSection
EndGlobal
